
Microsoft Visual Studio Solution File, Format Version 12.00
# Visual Studio Version 16
VisualStudioVersion = 16.0.32413.511
MinimumVisualStudioVersion = 10.0.40219.1
Project("{FAE04EC0-301F-11D3-BF4B-00C04F79EFBC}") = "MultipleCheckboxInsert", "MultipleCheckboxInsert\MultipleCheckboxInsert.csproj", "{873E546C-5B2B-44DC-B23D-5E668EEDAE6D}"
EndProject
Global
	GlobalSection(SolutionConfigurationPlatforms) = preSolution
		Debug|Any CPU = Debug|Any CPU
		Release|Any CPU = Release|Any CPU
	EndGlobalSection
	GlobalSection(ProjectConfigurationPlatforms) = postSolution
		{873E546C-5B2B-44DC-B23D-5E668EEDAE6D}.Debug|Any CPU.ActiveCfg = Debug|Any CPU
		{873E546C-5B2B-44DC-B23D-5E668EEDAE6D}.Debug|Any CPU.Build.0 = Debug|Any CPU
		{873E546C-5B2B-44DC-B23D-5E668EEDAE6D}.Release|Any CPU.ActiveCfg = Release|Any CPU
		{873E546C-5B2B-44DC-B23D-5E668EEDAE6D}.Release|Any CPU.Build.0 = Release|Any CPU
	EndGlobalSection
	GlobalSection(SolutionProperties) = preSolution
		HideSolutionNode = FALSE
	EndGlobalSection
	GlobalSection(ExtensibilityGlobals) = postSolution
		SolutionGuid = {C1A479CC-94A9-4D01-B7C2-722F60D4E7E6}
	EndGlobalSection
EndGlobal
